{
  "name": "marketmakerbot",
  "version": "1.0.0",
  "lockfileVersion": 1,
  "requires": true,
  "dependencies": {
    "@types/node": {
      "version": "8.0.57",
      "resolved": "https://registry.npmjs.org/@types/node/-/node-8.0.57.tgz",
      "integrity": "sha512-ZxrhcBxlZA7tn0HFf7ebUYfR9aHyBgjyavBLzyrYMYuAMbONBPY4S5O35562iV2FfwnZCjQky3gTDy1B3jSZ2Q==",
      "dev": true
    }
  }
}
